
Microsoft Visual Studio Solution File, Format Version 12.00
# Visual Studio Version 16
VisualStudioVersion = 25.0.1706.5
MinimumVisualStudioVersion = 10.0.40219.1
Project("{FAE04EC0-301F-11D3-BF4B-00C04F79EFBC}") = "xml-sig", "xml-sig\xml-sig.csproj", "{FBD85557-9C55-49EF-BC46-C62EFF6F1446}"
EndProject
Project("{2150E333-8FDC-42A3-9474-1A3956D46DE8}") = "Solution Items", "Solution Items", "{FE819955-36FD-4BF4-B198-C631D58EEA68}"
	ProjectSection(SolutionItems) = preProject
		README.md = README.md
		.editorconfig = .editorconfig
	EndProjectSection
EndProject
Project("{FAE04EC0-301F-11D3-BF4B-00C04F79EFBC}") = "tests", "tests\tests.csproj", "{AC20DD88-4048-4397-8B82-6A211954409A}"
EndProject
Global
	GlobalSection(SolutionConfigurationPlatforms) = preSolution
		Debug|Any CPU = Debug|Any CPU
		Release|Any CPU = Release|Any CPU
	EndGlobalSection
	GlobalSection(ProjectConfigurationPlatforms) = postSolution
		{FBD85557-9C55-49EF-BC46-C62EFF6F1446}.Debug|Any CPU.ActiveCfg = Debug|Any CPU
		{FBD85557-9C55-49EF-BC46-C62EFF6F1446}.Debug|Any CPU.Build.0 = Debug|Any CPU
		{FBD85557-9C55-49EF-BC46-C62EFF6F1446}.Release|Any CPU.ActiveCfg = Release|Any CPU
		{FBD85557-9C55-49EF-BC46-C62EFF6F1446}.Release|Any CPU.Build.0 = Release|Any CPU
		{AC20DD88-4048-4397-8B82-6A211954409A}.Debug|Any CPU.ActiveCfg = Debug|Any CPU
		{AC20DD88-4048-4397-8B82-6A211954409A}.Debug|Any CPU.Build.0 = Debug|Any CPU
		{AC20DD88-4048-4397-8B82-6A211954409A}.Release|Any CPU.ActiveCfg = Release|Any CPU
		{AC20DD88-4048-4397-8B82-6A211954409A}.Release|Any CPU.Build.0 = Release|Any CPU
	EndGlobalSection
	GlobalSection(SolutionProperties) = preSolution
		HideSolutionNode = FALSE
	EndGlobalSection
	GlobalSection(ExtensibilityGlobals) = postSolution
		SolutionGuid = {8B15B7E7-A07B-4CC4-B4EA-7B7DA4C7D188}
	EndGlobalSection
EndGlobal
